// !$*UTF8*$!
{
	archiveVersion = 1;
	classes = {
	};
	objectVersion = 55;
	objects = {

/* Begin PBXBuildFile section */
		8C2CDCC028D2A55700BED199 /* BookDetailView.swift in Sources */ = {isa = PBXBuildFile; fileRef = 8C2CDCBF28D2A55700BED199 /* BookDetailView.swift */; };
		8C2CDCC428D3D20600BED199 /* BookDetailViewModel.swift in Sources */ = {isa = PBXBuildFile; fileRef = 8C2CDCC328D3D20600BED199 /* BookDetailViewModel.swift */; };
		8C2CDCC628D40A8000BED199 /* DetailView.swift in Sources */ = {isa = PBXBuildFile; fileRef = 8C2CDCC528D40A8000BED199 /* DetailView.swift */; };
		8C35211528D24A8E00C1C0E5 /* MyBookListView.swift in Sources */ = {isa = PBXBuildFile; fileRef = 8C35211428D24A8E00C1C0E5 /* MyBookListView.swift */; };
		8C35211728D24BC000C1C0E5 /* MyBookRow.swift in Sources */ = {isa = PBXBuildFile; fileRef = 8C35211628D24BC000C1C0E5 /* MyBookRow.swift */; };
		8C35211928D266A900C1C0E5 /* MyBookListViewModel.swift in Sources */ = {isa = PBXBuildFile; fileRef = 8C35211828D266A900C1C0E5 /* MyBookListViewModel.swift */; };
		8C6D7BBC28CA317A00692083 /* MyBooksApp.swift in Sources */ = {isa = PBXBuildFile; fileRef = 8C6D7BBB28CA317A00692083 /* MyBooksApp.swift */; };
		8C6D7BC028CA317C00692083 /* Assets.xcassets in Resources */ = {isa = PBXBuildFile; fileRef = 8C6D7BBF28CA317C00692083 /* Assets.xcassets */; };
		8C6D7BC328CA317C00692083 /* Preview Assets.xcassets in Resources */ = {isa = PBXBuildFile; fileRef = 8C6D7BC228CA317C00692083 /* Preview Assets.xcassets */; };
		8C6D7BCC28CA329400692083 /* Network.swift in Sources */ = {isa = PBXBuildFile; fileRef = 8C6D7BCB28CA329400692083 /* Network.swift */; };
		8C6D7BD028CA3C0100692083 /* Request.swift in Sources */ = {isa = PBXBuildFile; fileRef = 8C6D7BCF28CA3C0100692083 /* Request.swift */; };
		8C6D7BD228CA5F3400692083 /* LibraryService.swift in Sources */ = {isa = PBXBuildFile; fileRef = 8C6D7BD128CA5F3400692083 /* LibraryService.swift */; };
		8C6D7BD428CA62E200692083 /* Library.swift in Sources */ = {isa = PBXBuildFile; fileRef = 8C6D7BD328CA62E200692083 /* Library.swift */; };
		8C6D7BD628CA633D00692083 /* Book.swift in Sources */ = {isa = PBXBuildFile; fileRef = 8C6D7BD528CA633D00692083 /* Book.swift */; };
		8C6D7C2728CFBFCB00692083 /* BooksManager.swift in Sources */ = {isa = PBXBuildFile; fileRef = 8C6D7C2628CFBFCB00692083 /* BooksManager.swift */; };
/* End PBXBuildFile section */

/* Begin PBXFileReference section */
		8C2CDCBF28D2A55700BED199 /* BookDetailView.swift */ = {isa = PBXFileReference; lastKnownFileType = sourcecode.swift; path = BookDetailView.swift; sourceTree = "<group>"; };
		8C2CDCC328D3D20600BED199 /* BookDetailViewModel.swift */ = {isa = PBXFileReference; lastKnownFileType = sourcecode.swift; path = BookDetailViewModel.swift; sourceTree = "<group>"; };
		8C2CDCC528D40A8000BED199 /* DetailView.swift */ = {isa = PBXFileReference; lastKnownFileType = sourcecode.swift; path = DetailView.swift; sourceTree = "<group>"; };
		8C35211428D24A8E00C1C0E5 /* MyBookListView.swift */ = {isa = PBXFileReference; lastKnownFileType = sourcecode.swift; path = MyBookListView.swift; sourceTree = "<group>"; };
		8C35211628D24BC000C1C0E5 /* MyBookRow.swift */ = {isa = PBXFileReference; lastKnownFileType = sourcecode.swift; path = MyBookRow.swift; sourceTree = "<group>"; };
		8C35211828D266A900C1C0E5 /* MyBookListViewModel.swift */ = {isa = PBXFileReference; lastKnownFileType = sourcecode.swift; path = MyBookListViewModel.swift; sourceTree = "<group>"; };
		8C6D7BB828CA317A00692083 /* MyBooks.app */ = {isa = PBXFileReference; explicitFileType = wrapper.application; includeInIndex = 0; path = MyBooks.app; sourceTree = BUILT_PRODUCTS_DIR; };
		8C6D7BBB28CA317A00692083 /* MyBooksApp.swift */ = {isa = PBXFileReference; lastKnownFileType = sourcecode.swift; path = MyBooksApp.swift; sourceTree = "<group>"; };
		8C6D7BBF28CA317C00692083 /* Assets.xcassets */ = {isa = PBXFileReference; lastKnownFileType = folder.assetcatalog; path = Assets.xcassets; sourceTree = "<group>"; };
		8C6D7BC228CA317C00692083 /* Preview Assets.xcassets */ = {isa = PBXFileReference; lastKnownFileType = folder.assetcatalog; path = "Preview Assets.xcassets"; sourceTree = "<group>"; };
		8C6D7BCB28CA329400692083 /* Network.swift */ = {isa = PBXFileReference; lastKnownFileType = sourcecode.swift; path = Network.swift; sourceTree = "<group>"; };
		8C6D7BCF28CA3C0100692083 /* Request.swift */ = {isa = PBXFileReference; lastKnownFileType = sourcecode.swift; path = Request.swift; sourceTree = "<group>"; };
		8C6D7BD128CA5F3400692083 /* LibraryService.swift */ = {isa = PBXFileReference; lastKnownFileType = sourcecode.swift; path = LibraryService.swift; sourceTree = "<group>"; };
		8C6D7BD328CA62E200692083 /* Library.swift */ = {isa = PBXFileReference; lastKnownFileType = sourcecode.swift; path = Library.swift; sourceTree = "<group>"; };
		8C6D7BD528CA633D00692083 /* Book.swift */ = {isa = PBXFileReference; lastKnownFileType = sourcecode.swift; path = Book.swift; sourceTree = "<group>"; };
		8C6D7C2628CFBFCB00692083 /* BooksManager.swift */ = {isa = PBXFileReference; fileEncoding = 4; lastKnownFileType = sourcecode.swift; path = BooksManager.swift; sourceTree = "<group>"; };
/* End PBXFileReference section */

/* Begin PBXFrameworksBuildPhase section */
		8C6D7BB528CA317A00692083 /* Frameworks */ = {
			isa = PBXFrameworksBuildPhase;
			buildActionMask = 2147483647;
			files = (
			);
			runOnlyForDeploymentPostprocessing = 0;
		};
/* End PBXFrameworksBuildPhase section */

/* Begin PBXGroup section */
		8C2CDCC128D2A55E00BED199 /* BookDetail */ = {
			isa = PBXGroup;
			children = (
				8C2CDCBF28D2A55700BED199 /* BookDetailView.swift */,
				8C2CDCC528D40A8000BED199 /* DetailView.swift */,
				8C2CDCC328D3D20600BED199 /* BookDetailViewModel.swift */,
			);
			path = BookDetail;
			sourceTree = "<group>";
		};
		8C2CDCC228D2A57300BED199 /* MyBook */ = {
			isa = PBXGroup;
			children = (
				8C35211428D24A8E00C1C0E5 /* MyBookListView.swift */,
				8C35211828D266A900C1C0E5 /* MyBookListViewModel.swift */,
				8C35211628D24BC000C1C0E5 /* MyBookRow.swift */,
			);
			path = MyBook;
			sourceTree = "<group>";
		};
		8C35211328D249C700C1C0E5 /* Scenes */ = {
			isa = PBXGroup;
			children = (
				8C2CDCC228D2A57300BED199 /* MyBook */,
				8C2CDCC128D2A55E00BED199 /* BookDetail */,
			);
			path = Scenes;
			sourceTree = "<group>";
		};
		8C6D7BAF28CA317A00692083 = {
			isa = PBXGroup;
			children = (
				8C6D7BBA28CA317A00692083 /* MyBooks */,
				8C6D7BB928CA317A00692083 /* Products */,
			);
			sourceTree = "<group>";
		};
		8C6D7BB928CA317A00692083 /* Products */ = {
			isa = PBXGroup;
			children = (
				8C6D7BB828CA317A00692083 /* MyBooks.app */,
			);
			name = Products;
			sourceTree = "<group>";
		};
		8C6D7BBA28CA317A00692083 /* MyBooks */ = {
			isa = PBXGroup;
			children = (
				8C6D7BBB28CA317A00692083 /* MyBooksApp.swift */,
				8C35211328D249C700C1C0E5 /* Scenes */,
				8C6D7BD928CABB5D00692083 /* Service */,
				8C6D7BD828CA80D500692083 /* Network */,
				8C6D7BD728CA80BC00692083 /* Models */,
				8C6D7BBF28CA317C00692083 /* Assets.xcassets */,
				8C6D7BC128CA317C00692083 /* Preview Content */,
			);
			path = MyBooks;
			sourceTree = "<group>";
		};
		8C6D7BC128CA317C00692083 /* Preview Content */ = {
			isa = PBXGroup;
			children = (
				8C6D7BC228CA317C00692083 /* Preview Assets.xcassets */,
			);
			path = "Preview Content";
			sourceTree = "<group>";
		};
		8C6D7BD728CA80BC00692083 /* Models */ = {
			isa = PBXGroup;
			children = (
				8C6D7BD528CA633D00692083 /* Book.swift */,
				8C6D7BD328CA62E200692083 /* Library.swift */,
			);
			name = Models;
			sourceTree = "<group>";
		};
		8C6D7BD828CA80D500692083 /* Network */ = {
			isa = PBXGroup;
			children = (
				8C6D7BCF28CA3C0100692083 /* Request.swift */,
				8C6D7BCB28CA329400692083 /* Network.swift */,
			);
			path = Network;
			sourceTree = "<group>";
		};
		8C6D7BD928CABB5D00692083 /* Service */ = {
			isa = PBXGroup;
			children = (
				8C6D7C2628CFBFCB00692083 /* BooksManager.swift */,
				8C6D7BD128CA5F3400692083 /* LibraryService.swift */,
			);
			path = Service;
			sourceTree = "<group>";
		};
/* End PBXGroup section */

/* Begin PBXNativeTarget section */
		8C6D7BB728CA317A00692083 /* MyBooks */ = {
			isa = PBXNativeTarget;
			buildConfigurationList = 8C6D7BC628CA317C00692083 /* Build configuration list for PBXNativeTarget "MyBooks" */;
			buildPhases = (
				8C6D7BB428CA317A00692083 /* Sources */,
				8C6D7BB528CA317A00692083 /* Frameworks */,
				8C6D7BB628CA317A00692083 /* Resources */,
				8C6D7BCE28CA369A00692083 /* ShellScript */,
			);
			buildRules = (
			);
			dependencies = (
			);
			name = MyBooks;
			productName = MyBooks;
			productReference = 8C6D7BB828CA317A00692083 /* MyBooks.app */;
			productType = "com.apple.product-type.application";
		};
/* End PBXNativeTarget section */

/* Begin PBXProject section */
		8C6D7BB028CA317A00692083 /* Project object */ = {
			isa = PBXProject;
			attributes = {
				BuildIndependentTargetsInParallel = 1;
				LastSwiftUpdateCheck = 1340;
				LastUpgradeCheck = 1340;
				TargetAttributes = {
					8C6D7BB728CA317A00692083 = {
						CreatedOnToolsVersion = 13.4.1;
					};
				};
			};
			buildConfigurationList = 8C6D7BB328CA317A00692083 /* Build configuration list for PBXProject "MyBooks" */;
			compatibilityVersion = "Xcode 13.0";
			developmentRegion = en;
			hasScannedForEncodings = 0;
			knownRegions = (
				en,
				Base,
			);
			mainGroup = 8C6D7BAF28CA317A00692083;
			productRefGroup = 8C6D7BB928CA317A00692083 /* Products */;
			projectDirPath = "";
			projectRoot = "";
			targets = (
				8C6D7BB728CA317A00692083 /* MyBooks */,
			);
		};
/* End PBXProject section */

/* Begin PBXResourcesBuildPhase section */
		8C6D7BB628CA317A00692083 /* Resources */ = {
			isa = PBXResourcesBuildPhase;
			buildActionMask = 2147483647;
			files = (
				8C6D7BC328CA317C00692083 /* Preview Assets.xcassets in Resources */,
				8C6D7BC028CA317C00692083 /* Assets.xcassets in Resources */,
			);
			runOnlyForDeploymentPostprocessing = 0;
		};
/* End PBXResourcesBuildPhase section */

/* Begin PBXShellScriptBuildPhase section */
		8C6D7BCE28CA369A00692083 /* ShellScript */ = {
			isa = PBXShellScriptBuildPhase;
			buildActionMask = 2147483647;
			files = (
			);
			inputFileListPaths = (
			);
			inputPaths = (
			);
			outputFileListPaths = (
			);
			outputPaths = (
			);
			runOnlyForDeploymentPostprocessing = 0;
			shellPath = /bin/sh;
			shellScript = "if which swiftlint >/dev/null; then\n    swiftlint\nelse\n    echo \"warning: SwiftLint not installed, download from https://github.com/realm/SwiftLint\"\nfi\n";
		};
/* End PBXShellScriptBuildPhase section */

/* Begin PBXSourcesBuildPhase section */
		8C6D7BB428CA317A00692083 /* Sources */ = {
			isa = PBXSourcesBuildPhase;
			buildActionMask = 2147483647;
			files = (
				8C35211528D24A8E00C1C0E5 /* MyBookListView.swift in Sources */,
				8C35211928D266A900C1C0E5 /* MyBookListViewModel.swift in Sources */,
				8C2CDCC428D3D20600BED199 /* BookDetailViewModel.swift in Sources */,
				8C6D7BBC28CA317A00692083 /* MyBooksApp.swift in Sources */,
				8C6D7C2728CFBFCB00692083 /* BooksManager.swift in Sources */,
				8C6D7BD628CA633D00692083 /* Book.swift in Sources */,
				8C6D7BD228CA5F3400692083 /* LibraryService.swift in Sources */,
				8C6D7BD028CA3C0100692083 /* Request.swift in Sources */,
				8C35211728D24BC000C1C0E5 /* MyBookRow.swift in Sources */,
				8C6D7BCC28CA329400692083 /* Network.swift in Sources */,
				8C6D7BD428CA62E200692083 /* Library.swift in Sources */,
				8C2CDCC028D2A55700BED199 /* BookDetailView.swift in Sources */,
				8C2CDCC628D40A8000BED199 /* DetailView.swift in Sources */,
			);
			runOnlyForDeploymentPostprocessing = 0;
		};
/* End PBXSourcesBuildPhase section */

/* Begin XCBuildConfiguration section */
		8C6D7BC428CA317C00692083 /* Debug */ = {
			isa = XCBuildConfiguration;
			buildSettings = {
				ALWAYS_SEARCH_USER_PATHS = NO;
				CLANG_ANALYZER_NONNULL = YES;
				CLANG_ANALYZER_NUMBER_OBJECT_CONVERSION = YES_AGGRESSIVE;
				CLANG_CXX_LANGUAGE_STANDARD = "gnu++17";
				CLANG_ENABLE_MODULES = YES;
				CLANG_ENABLE_OBJC_ARC = YES;
				CLANG_ENABLE_OBJC_WEAK = YES;
				CLANG_WARN_BLOCK_CAPTURE_AUTORELEASING = YES;
				CLANG_WARN_BOOL_CONVERSION = YES;
				CLANG_WARN_COMMA = YES;
				CLANG_WARN_CONSTANT_CONVERSION = YES;
				CLANG_WARN_DEPRECATED_OBJC_IMPLEMENTATIONS = YES;
				CLANG_WARN_DIRECT_OBJC_ISA_USAGE = YES_ERROR;
				CLANG_WARN_DOCUMENTATION_COMMENTS = YES;
				CLANG_WARN_EMPTY_BODY = YES;
				CLANG_WARN_ENUM_CONVERSION = YES;
				CLANG_WARN_INFINITE_RECURSION = YES;
				CLANG_WARN_INT_CONVERSION = YES;
				CLANG_WARN_NON_LITERAL_NULL_CONVERSION = YES;
				CLANG_WARN_OBJC_IMPLICIT_RETAIN_SELF = YES;
				CLANG_WARN_OBJC_LITERAL_CONVERSION = YES;
				CLANG_WARN_OBJC_ROOT_CLASS = YES_ERROR;
				CLANG_WARN_QUOTED_INCLUDE_IN_FRAMEWORK_HEADER = YES;
				CLANG_WARN_RANGE_LOOP_ANALYSIS = YES;
				CLANG_WARN_STRICT_PROTOTYPES = YES;
				CLANG_WARN_SUSPICIOUS_MOVE = YES;
				CLANG_WARN_UNGUARDED_AVAILABILITY = YES_AGGRESSIVE;
				CLANG_WARN_UNREACHABLE_CODE = YES;
				CLANG_WARN__DUPLICATE_METHOD_MATCH = YES;
				COPY_PHASE_STRIP = NO;
				DEBUG_INFORMATION_FORMAT = dwarf;
				ENABLE_STRICT_OBJC_MSGSEND = YES;
				ENABLE_TESTABILITY = YES;
				GCC_C_LANGUAGE_STANDARD = gnu11;
				GCC_DYNAMIC_NO_PIC = NO;
				GCC_NO_COMMON_BLOCKS = YES;
				GCC_OPTIMIZATION_LEVEL = 0;
				GCC_PREPROCESSOR_DEFINITIONS = (
					"DEBUG=1",
					"$(inherited)",
				);
				GCC_WARN_64_TO_32_BIT_CONVERSION = YES;
				GCC_WARN_ABOUT_RETURN_TYPE = YES_ERROR;
				GCC_WARN_UNDECLARED_SELECTOR = YES;
				GCC_WARN_UNINITIALIZED_AUTOS = YES_AGGRESSIVE;
				GCC_WARN_UNUSED_FUNCTION = YES;
				GCC_WARN_UNUSED_VARIABLE = YES;
				IPHONEOS_DEPLOYMENT_TARGET = 15.5;
				MTL_ENABLE_DEBUG_INFO = INCLUDE_SOURCE;
				MTL_FAST_MATH = YES;
				ONLY_ACTIVE_ARCH = YES;
				SDKROOT = iphoneos;
				SWIFT_ACTIVE_COMPILATION_CONDITIONS = DEBUG;
				SWIFT_OPTIMIZATION_LEVEL = "-Onone";
			};
			name = Debug;
		};
		8C6D7BC528CA317C00692083 /* Release */ = {
			isa = XCBuildConfiguration;
			buildSettings = {
				ALWAYS_SEARCH_USER_PATHS = NO;
				CLANG_ANALYZER_NONNULL = YES;
				CLANG_ANALYZER_NUMBER_OBJECT_CONVERSION = YES_AGGRESSIVE;
				CLANG_CXX_LANGUAGE_STANDARD = "gnu++17";
				CLANG_ENABLE_MODULES = YES;
				CLANG_ENABLE_OBJC_ARC = YES;
				CLANG_ENABLE_OBJC_WEAK = YES;
				CLANG_WARN_BLOCK_CAPTURE_AUTORELEASING = YES;
				CLANG_WARN_BOOL_CONVERSION = YES;
				CLANG_WARN_COMMA = YES;
				CLANG_WARN_CONSTANT_CONVERSION = YES;
				CLANG_WARN_DEPRECATED_OBJC_IMPLEMENTATIONS = YES;
				CLANG_WARN_DIRECT_OBJC_ISA_USAGE = YES_ERROR;
				CLANG_WARN_DOCUMENTATION_COMMENTS = YES;
				CLANG_WARN_EMPTY_BODY = YES;
				CLANG_WARN_ENUM_CONVERSION = YES;
				CLANG_WARN_INFINITE_RECURSION = YES;
				CLANG_WARN_INT_CONVERSION = YES;
				CLANG_WARN_NON_LITERAL_NULL_CONVERSION = YES;
				CLANG_WARN_OBJC_IMPLICIT_RETAIN_SELF = YES;
				CLANG_WARN_OBJC_LITERAL_CONVERSION = YES;
				CLANG_WARN_OBJC_ROOT_CLASS = YES_ERROR;
				CLANG_WARN_QUOTED_INCLUDE_IN_FRAMEWORK_HEADER = YES;
				CLANG_WARN_RANGE_LOOP_ANALYSIS = YES;
				CLANG_WARN_STRICT_PROTOTYPES = YES;
				CLANG_WARN_SUSPICIOUS_MOVE = YES;
				CLANG_WARN_UNGUARDED_AVAILABILITY = YES_AGGRESSIVE;
				CLANG_WARN_UNREACHABLE_CODE = YES;
				CLANG_WARN__DUPLICATE_METHOD_MATCH = YES;
				COPY_PHASE_STRIP = NO;
				DEBUG_INFORMATION_FORMAT = "dwarf-with-dsym";
				ENABLE_NS_ASSERTIONS = NO;
				ENABLE_STRICT_OBJC_MSGSEND = YES;
				GCC_C_LANGUAGE_STANDARD = gnu11;
				GCC_NO_COMMON_BLOCKS = YES;
				GCC_WARN_64_TO_32_BIT_CONVERSION = YES;
				GCC_WARN_ABOUT_RETURN_TYPE = YES_ERROR;
				GCC_WARN_UNDECLARED_SELECTOR = YES;
				GCC_WARN_UNINITIALIZED_AUTOS = YES_AGGRESSIVE;
				GCC_WARN_UNUSED_FUNCTION = YES;
				GCC_WARN_UNUSED_VARIABLE = YES;
				IPHONEOS_DEPLOYMENT_TARGET = 15.5;
				MTL_ENABLE_DEBUG_INFO = NO;
				MTL_FAST_MATH = YES;
				SDKROOT = iphoneos;
				SWIFT_COMPILATION_MODE = wholemodule;
				SWIFT_OPTIMIZATION_LEVEL = "-O";
				VALIDATE_PRODUCT = YES;
			};
			name = Release;
		};
		8C6D7BC728CA317C00692083 /* Debug */ = {
			isa = XCBuildConfiguration;
			buildSettings = {
				ASSETCATALOG_COMPILER_APPICON_NAME = AppIcon;
				ASSETCATALOG_COMPILER_GLOBAL_ACCENT_COLOR_NAME = AccentColor;
				CODE_SIGN_STYLE = Automatic;
				CURRENT_PROJECT_VERSION = 1;
				DEVELOPMENT_ASSET_PATHS = "\"MyBooks/Preview Content\"";
				DEVELOPMENT_TEAM = 5AN4GAV8W4;
				ENABLE_PREVIEWS = YES;
				GENERATE_INFOPLIST_FILE = YES;
				INFOPLIST_KEY_UIApplicationSceneManifest_Generation = YES;
				INFOPLIST_KEY_UIApplicationSupportsIndirectInputEvents = YES;
				INFOPLIST_KEY_UILaunchScreen_Generation = YES;
				INFOPLIST_KEY_UISupportedInterfaceOrientations_iPad = "UIInterfaceOrientationPortrait UIInterfaceOrientationPortraitUpsideDown UIInterfaceOrientationLandscapeLeft UIInterfaceOrientationLandscapeRight";
				INFOPLIST_KEY_UISupportedInterfaceOrientations_iPhone = "UIInterfaceOrientationPortrait UIInterfaceOrientationLandscapeLeft UIInterfaceOrientationLandscapeRight";
				LD_RUNPATH_SEARCH_PATHS = (
					"$(inherited)",
					"@executable_path/Frameworks",
				);
				MARKETING_VERSION = 1.0;
				PRODUCT_BUNDLE_IDENTIFIER = com.sucris.MyBooks;
				PRODUCT_NAME = "$(TARGET_NAME)";
				SWIFT_EMIT_LOC_STRINGS = YES;
				SWIFT_VERSION = 5.0;
				TARGETED_DEVICE_FAMILY = "1,2";
			};
			name = Debug;
		};
		8C6D7BC828CA317C00692083 /* Release */ = {
			isa = XCBuildConfiguration;
			buildSettings = {
				ASSETCATALOG_COMPILER_APPICON_NAME = AppIcon;
				ASSETCATALOG_COMPILER_GLOBAL_ACCENT_COLOR_NAME = AccentColor;
				CODE_SIGN_STYLE = Automatic;
				CURRENT_PROJECT_VERSION = 1;
				DEVELOPMENT_ASSET_PATHS = "\"MyBooks/Preview Content\"";
				DEVELOPMENT_TEAM = 5AN4GAV8W4;
				ENABLE_PREVIEWS = YES;
				GENERATE_INFOPLIST_FILE = YES;
				INFOPLIST_KEY_UIApplicationSceneManifest_Generation = YES;
				INFOPLIST_KEY_UIApplicationSupportsIndirectInputEvents = YES;
				INFOPLIST_KEY_UILaunchScreen_Generation = YES;
				INFOPLIST_KEY_UISupportedInterfaceOrientations_iPad = "UIInterfaceOrientationPortrait UIInterfaceOrientationPortraitUpsideDown UIInterfaceOrientationLandscapeLeft UIInterfaceOrientationLandscapeRight";
				INFOPLIST_KEY_UISupportedInterfaceOrientations_iPhone = "UIInterfaceOrientationPortrait UIInterfaceOrientationLandscapeLeft UIInterfaceOrientationLandscapeRight";
				LD_RUNPATH_SEARCH_PATHS = (
					"$(inherited)",
					"@executable_path/Frameworks",
				);
				MARKETING_VERSION = 1.0;
				PRODUCT_BUNDLE_IDENTIFIER = com.sucris.MyBooks;
				PRODUCT_NAME = "$(TARGET_NAME)";
				SWIFT_EMIT_LOC_STRINGS = YES;
				SWIFT_VERSION = 5.0;
				TARGETED_DEVICE_FAMILY = "1,2";
			};
			name = Release;
		};
/* End XCBuildConfiguration section */

/* Begin XCConfigurationList section */
		8C6D7BB328CA317A00692083 /* Build configuration list for PBXProject "MyBooks" */ = {
			isa = XCConfigurationList;
			buildConfigurations = (
				8C6D7BC428CA317C00692083 /* Debug */,
				8C6D7BC528CA317C00692083 /* Release */,
			);
			defaultConfigurationIsVisible = 0;
			defaultConfigurationName = Release;
		};
		8C6D7BC628CA317C00692083 /* Build configuration list for PBXNativeTarget "MyBooks" */ = {
			isa = XCConfigurationList;
			buildConfigurations = (
				8C6D7BC728CA317C00692083 /* Debug */,
				8C6D7BC828CA317C00692083 /* Release */,
			);
			defaultConfigurationIsVisible = 0;
			defaultConfigurationName = Release;
		};
/* End XCConfigurationList section */
	};
	rootObject = 8C6D7BB028CA317A00692083 /* Project object */;
}
